Microsoft Visual Studio Solution File, Format Version 12.00
# Visual Studio 15
VisualStudioVersion = 15.0.28307.489
MinimumVisualStudioVersion = 10.0.40219.1
Project("{2150E333-8FDC-42A3-9474-1A3956D46DE8}") = "(deps)", "(deps)", "{01DF18E8-89C6-A25E-0006-40F7C4BCED1B}"
EndProject
Project("{2150E333-8FDC-42A3-9474-1A3956D46DE8}") = "(uv)", "(uv)", "{D5BF94E0-63A0-F682-FBE7-55B17AA44195}"
EndProject
Project("{8BC9CEB8-8B4A-11D0-8D11-00A0C91BC942}") = "libpomelo2", "libpomelo2.vcxproj", "{7321AA60-851E-0FE0-7EF9-77039B07ADED}"
	ProjectSection(ProjectDependencies) = postProject
		{90FDC626-C932-9D8E-0E00-AE390DBF9DFE} = {90FDC626-C932-9D8E-0E00-AE390DBF9DFE}
		{0C2230CB-B96B-731F-2805-52C4CA4043EF} = {0C2230CB-B96B-731F-2805-52C4CA4043EF}
	EndProjectSection
EndProject
Project("{8BC9CEB8-8B4A-11D0-8D11-00A0C91BC942}") = "libuv", "deps\uv\libuv.vcxproj", "{0C2230CB-B96B-731F-2805-52C4CA4043EF}"
EndProject
Project("{8BC9CEB8-8B4A-11D0-8D11-00A0C91BC942}") = "openssl", "deps\openssl\openssl.vcxproj", "{90FDC626-C932-9D8E-0E00-AE390DBF9DFE}"
EndProject
Project("{8BC9CEB8-8B4A-11D0-8D11-00A0C91BC942}") = "tr_dummy", "tr_dummy.vcxproj", "{52571730-D967-E6F5-358F-823984770AFC}"
	ProjectSection(ProjectDependencies) = postProject
		{90FDC626-C932-9D8E-0E00-AE390DBF9DFE} = {90FDC626-C932-9D8E-0E00-AE390DBF9DFE}
		{7321AA60-851E-0FE0-7EF9-77039B07ADED} = {7321AA60-851E-0FE0-7EF9-77039B07ADED}
		{0C2230CB-B96B-731F-2805-52C4CA4043EF} = {0C2230CB-B96B-731F-2805-52C4CA4043EF}
	EndProjectSection
EndProject
Project("{8BC9CEB8-8B4A-11D0-8D11-00A0C91BC942}") = "tr_tcp", "tr_tcp.vcxproj", "{EA9DD0F5-1DA2-854C-B77D-DF2ECC4A5C77}"
	ProjectSection(ProjectDependencies) = postProject
		{90FDC626-C932-9D8E-0E00-AE390DBF9DFE} = {90FDC626-C932-9D8E-0E00-AE390DBF9DFE}
		{7321AA60-851E-0FE0-7EF9-77039B07ADED} = {7321AA60-851E-0FE0-7EF9-77039B07ADED}
		{0C2230CB-B96B-731F-2805-52C4CA4043EF} = {0C2230CB-B96B-731F-2805-52C4CA4043EF}
	EndProjectSection
EndProject
Project("{8BC9CEB8-8B4A-11D0-8D11-00A0C91BC942}") = "tr_tls", "tr_tls.vcxproj", "{F9252CAC-7C19-6BF5-446F-0C3C5B80EA9B}"
	ProjectSection(ProjectDependencies) = postProject
		{90FDC626-C932-9D8E-0E00-AE390DBF9DFE} = {90FDC626-C932-9D8E-0E00-AE390DBF9DFE}
		{7321AA60-851E-0FE0-7EF9-77039B07ADED} = {7321AA60-851E-0FE0-7EF9-77039B07ADED}
		{0C2230CB-B96B-731F-2805-52C4CA4043EF} = {0C2230CB-B96B-731F-2805-52C4CA4043EF}
	EndProjectSection
EndProject
Global
	GlobalSection(SolutionConfigurationPlatforms) = preSolution
		Default|Win32 = Default|Win32
	EndGlobalSection
	GlobalSection(ProjectConfigurationPlatforms) = postSolution
		{7321AA60-851E-0FE0-7EF9-77039B07ADED}.Default|Win32.ActiveCfg = Default|Win32
		{7321AA60-851E-0FE0-7EF9-77039B07ADED}.Default|Win32.Build.0 = Default|Win32
		{0C2230CB-B96B-731F-2805-52C4CA4043EF}.Default|Win32.ActiveCfg = Default|Win32
		{0C2230CB-B96B-731F-2805-52C4CA4043EF}.Default|Win32.Build.0 = Default|Win32
		{90FDC626-C932-9D8E-0E00-AE390DBF9DFE}.Default|Win32.ActiveCfg = Default|Win32
		{90FDC626-C932-9D8E-0E00-AE390DBF9DFE}.Default|Win32.Build.0 = Default|Win32
		{52571730-D967-E6F5-358F-823984770AFC}.Default|Win32.ActiveCfg = Default|Win32
		{52571730-D967-E6F5-358F-823984770AFC}.Default|Win32.Build.0 = Default|Win32
		{EA9DD0F5-1DA2-854C-B77D-DF2ECC4A5C77}.Default|Win32.ActiveCfg = Default|Win32
		{EA9DD0F5-1DA2-854C-B77D-DF2ECC4A5C77}.Default|Win32.Build.0 = Default|Win32
		{F9252CAC-7C19-6BF5-446F-0C3C5B80EA9B}.Default|Win32.ActiveCfg = Default|Win32
		{F9252CAC-7C19-6BF5-446F-0C3C5B80EA9B}.Default|Win32.Build.0 = Default|Win32
	EndGlobalSection
	GlobalSection(SolutionProperties) = preSolution
		HideSolutionNode = FALSE
	EndGlobalSection
	GlobalSection(NestedProjects) = preSolution
		{D5BF94E0-63A0-F682-FBE7-55B17AA44195} = {01DF18E8-89C6-A25E-0006-40F7C4BCED1B}
		{0C2230CB-B96B-731F-2805-52C4CA4043EF} = {D5BF94E0-63A0-F682-FBE7-55B17AA44195}
		{90FDC626-C932-9D8E-0E00-AE390DBF9DFE} = {01DF18E8-89C6-A25E-0006-40F7C4BCED1B}
	EndGlobalSection
	GlobalSection(ExtensibilityGlobals) = postSolution
		SolutionGuid = {0D7F71FE-41AA-4CCA-A9D7-62DE90BD9430}
	EndGlobalSection
EndGlobal
